
Microsoft Visual Studio Solution File, Format Version 12.00
# Visual Studio Version 16
VisualStudioVersion = 16.0.31005.135
MinimumVisualStudioVersion = 10.0.40219.1
Project("{FAE04EC0-301F-11D3-BF4B-00C04F79EFBC}") = "DamaKonzole_Framework", "DamaKonzole_Framework.csproj", "{13A593E3-37F4-472F-98E2-D45E345F81E7}"
EndProject
Global
	GlobalSection(SolutionConfigurationPlatforms) = preSolution
		Debug|Any CPU = Debug|Any CPU
		Release|Any CPU = Release|Any CPU
	EndGlobalSection
	GlobalSection(ProjectConfigurationPlatforms) = postSolution
		{13A593E3-37F4-472F-98E2-D45E345F81E7}.Debug|Any CPU.ActiveCfg = Debug|Any CPU
		{13A593E3-37F4-472F-98E2-D45E345F81E7}.Debug|Any CPU.Build.0 = Debug|Any CPU
		{13A593E3-37F4-472F-98E2-D45E345F81E7}.Release|Any CPU.ActiveCfg = Release|Any CPU
		{13A593E3-37F4-472F-98E2-D45E345F81E7}.Release|Any CPU.Build.0 = Release|Any CPU
	EndGlobalSection
	GlobalSection(SolutionProperties) = preSolution
		HideSolutionNode = FALSE
	EndGlobalSection
	GlobalSection(ExtensibilityGlobals) = postSolution
		SolutionGuid = {CB9135AA-DA8C-4EA6-8AE8-80263C96AD40}
	EndGlobalSection
EndGlobal
